// !$*UTF8*$!
{
	archiveVersion = 1;
	classes = {
	};
	objectVersion = 55;
	objects = {

/* Begin PBXBuildFile section */
		8E3D082027CF762B00AA224C /* SecondViewController.swift in Sources */ = {isa = PBXBuildFile; fileRef = 8E3D081F27CF762B00AA224C /* SecondViewController.swift */; };
		8E3D082227CF763A00AA224C /* ThirdViewController.swift in Sources */ = {isa = PBXBuildFile; fileRef = 8E3D082127CF763A00AA224C /* ThirdViewController.swift */; };
		8E3D082427CF765300AA224C /* FourthViewController.swift in Sources */ = {isa = PBXBuildFile; fileRef = 8E3D082327CF765300AA224C /* FourthViewController.swift */; };
		8E3D082627CF766100AA224C /* FifthViewController.swift in Sources */ = {isa = PBXBuildFile; fileRef = 8E3D082527CF766100AA224C /* FifthViewController.swift */; };
		8E3D082827CF769100AA224C /* File.swift in Sources */ = {isa = PBXBuildFile; fileRef = 8E3D082727CF769100AA224C /* File.swift */; };
		8E3D082A27CF93E700AA224C /* ContactViewController.swift in Sources */ = {isa = PBXBuildFile; fileRef = 8E3D082927CF93E700AA224C /* ContactViewController.swift */; };
		8E3D083027CFA47300AA224C /* MainViewController.swift in Sources */ = {isa = PBXBuildFile; fileRef = 8E3D082F27CFA47300AA224C /* MainViewController.swift */; };
		8E3D083427CFAEA100AA224C /* GameViewController.swift in Sources */ = {isa = PBXBuildFile; fileRef = 8E3D083327CFAEA100AA224C /* GameViewController.swift */; };
		8E3D083627CFB0E900AA224C /* Storyboard2.storyboard in Resources */ = {isa = PBXBuildFile; fileRef = 8E3D083527CFB0E900AA224C /* Storyboard2.storyboard */; };
		8E524F0527C95A1D0085A96E /* AppDelegate.swift in Sources */ = {isa = PBXBuildFile; fileRef = 8E524F0427C95A1D0085A96E /* AppDelegate.swift */; };
		8E524F0727C95A1D0085A96E /* SceneDelegate.swift in Sources */ = {isa = PBXBuildFile; fileRef = 8E524F0627C95A1D0085A96E /* SceneDelegate.swift */; };
		8E524F0927C95A1D0085A96E /* ViewController.swift in Sources */ = {isa = PBXBuildFile; fileRef = 8E524F0827C95A1D0085A96E /* ViewController.swift */; };
		8E524F0C27C95A1D0085A96E /* Main.storyboard in Resources */ = {isa = PBXBuildFile; fileRef = 8E524F0A27C95A1D0085A96E /* Main.storyboard */; };
		8E524F0E27C95A1E0085A96E /* Assets.xcassets in Resources */ = {isa = PBXBuildFile; fileRef = 8E524F0D27C95A1E0085A96E /* Assets.xcassets */; };
		8E524F1127C95A1E0085A96E /* LaunchScreen.storyboard in Resources */ = {isa = PBXBuildFile; fileRef = 8E524F0F27C95A1E0085A96E /* LaunchScreen.storyboard */; };
/* End PBXBuildFile section */

/* Begin PBXFileReference section */
		8E3D081F27CF762B00AA224C /* SecondViewController.swift */ = {isa = PBXFileReference; lastKnownFileType = sourcecode.swift; path = SecondViewController.swift; sourceTree = "<group>"; };
		8E3D082127CF763A00AA224C /* ThirdViewController.swift */ = {isa = PBXFileReference; lastKnownFileType = sourcecode.swift; path = ThirdViewController.swift; sourceTree = "<group>"; };
		8E3D082327CF765300AA224C /* FourthViewController.swift */ = {isa = PBXFileReference; lastKnownFileType = sourcecode.swift; path = FourthViewController.swift; sourceTree = "<group>"; };
		8E3D082527CF766100AA224C /* FifthViewController.swift */ = {isa = PBXFileReference; lastKnownFileType = sourcecode.swift; path = FifthViewController.swift; sourceTree = "<group>"; };
		8E3D082727CF769100AA224C /* File.swift */ = {isa = PBXFileReference; lastKnownFileType = sourcecode.swift; path = File.swift; sourceTree = "<group>"; };
		8E3D082927CF93E700AA224C /* ContactViewController.swift */ = {isa = PBXFileReference; lastKnownFileType = sourcecode.swift; path = ContactViewController.swift; sourceTree = "<group>"; };
		8E3D082F27CFA47300AA224C /* MainViewController.swift */ = {isa = PBXFileReference; lastKnownFileType = sourcecode.swift; path = MainViewController.swift; sourceTree = "<group>"; };
		8E3D083327CFAEA100AA224C /* GameViewController.swift */ = {isa = PBXFileReference; lastKnownFileType = sourcecode.swift; path = GameViewController.swift; sourceTree = "<group>"; };
		8E3D083527CFB0E900AA224C /* Storyboard2.storyboard */ = {isa = PBXFileReference; lastKnownFileType = file.storyboard; path = Storyboard2.storyboard; sourceTree = "<group>"; };
		8E524F0127C95A1D0085A96E /* hometask8.app */ = {isa = PBXFileReference; explicitFileType = wrapper.application; includeInIndex = 0; path = hometask8.app; sourceTree = BUILT_PRODUCTS_DIR; };
		8E524F0427C95A1D0085A96E /* AppDelegate.swift */ = {isa = PBXFileReference; lastKnownFileType = sourcecode.swift; path = AppDelegate.swift; sourceTree = "<group>"; };
		8E524F0627C95A1D0085A96E /* SceneDelegate.swift */ = {isa = PBXFileReference; lastKnownFileType = sourcecode.swift; path = SceneDelegate.swift; sourceTree = "<group>"; };
		8E524F0827C95A1D0085A96E /* ViewController.swift */ = {isa = PBXFileReference; lastKnownFileType = sourcecode.swift; path = ViewController.swift; sourceTree = "<group>"; };
		8E524F0B27C95A1D0085A96E /* Base */ = {isa = PBXFileReference; lastKnownFileType = file.storyboard; name = Base; path = Base.lproj/Main.storyboard; sourceTree = "<group>"; };
		8E524F0D27C95A1E0085A96E /* Assets.xcassets */ = {isa = PBXFileReference; lastKnownFileType = folder.assetcatalog; path = Assets.xcassets; sourceTree = "<group>"; };
		8E524F1027C95A1E0085A96E /* Base */ = {isa = PBXFileReference; lastKnownFileType = file.storyboard; name = Base; path = Base.lproj/LaunchScreen.storyboard; sourceTree = "<group>"; };
		8E524F1227C95A1E0085A96E /* Info.plist */ = {isa = PBXFileReference; lastKnownFileType = text.plist.xml; path = Info.plist; sourceTree = "<group>"; };
/* End PBXFileReference section */

/* Begin PBXFrameworksBuildPhase section */
		8E524EFE27C95A1D0085A96E /* Frameworks */ = {
			isa = PBXFrameworksBuildPhase;
			buildActionMask = 2147483647;
			files = (
			);
			runOnlyForDeploymentPostprocessing = 0;
		};
/* End PBXFrameworksBuildPhase section */

/* Begin PBXGroup section */
		8E524EF827C95A1D0085A96E = {
			isa = PBXGroup;
			children = (
				8E3D082727CF769100AA224C /* File.swift */,
				8E524F0327C95A1D0085A96E /* hometask8 */,
				8E524F0227C95A1D0085A96E /* Products */,
			);
			sourceTree = "<group>";
		};
		8E524F0227C95A1D0085A96E /* Products */ = {
			isa = PBXGroup;
			children = (
				8E524F0127C95A1D0085A96E /* hometask8.app */,
			);
			name = Products;
			sourceTree = "<group>";
		};
		8E524F0327C95A1D0085A96E /* hometask8 */ = {
			isa = PBXGroup;
			children = (
				8E524F0427C95A1D0085A96E /* AppDelegate.swift */,
				8E524F0627C95A1D0085A96E /* SceneDelegate.swift */,
				8E3D082F27CFA47300AA224C /* MainViewController.swift */,
				8E524F0827C95A1D0085A96E /* ViewController.swift */,
				8E3D081F27CF762B00AA224C /* SecondViewController.swift */,
				8E3D082127CF763A00AA224C /* ThirdViewController.swift */,
				8E3D082327CF765300AA224C /* FourthViewController.swift */,
				8E3D082527CF766100AA224C /* FifthViewController.swift */,
				8E3D082927CF93E700AA224C /* ContactViewController.swift */,
				8E3D083327CFAEA100AA224C /* GameViewController.swift */,
				8E524F0A27C95A1D0085A96E /* Main.storyboard */,
				8E3D083527CFB0E900AA224C /* Storyboard2.storyboard */,
				8E524F0D27C95A1E0085A96E /* Assets.xcassets */,
				8E524F0F27C95A1E0085A96E /* LaunchScreen.storyboard */,
				8E524F1227C95A1E0085A96E /* Info.plist */,
			);
			path = hometask8;
			sourceTree = "<group>";
		};
/* End PBXGroup section */

/* Begin PBXNativeTarget section */
		8E524F0027C95A1D0085A96E /* hometask8 */ = {
			isa = PBXNativeTarget;
			buildConfigurationList = 8E524F1527C95A1E0085A96E /* Build configuration list for PBXNativeTarget "hometask8" */;
			buildPhases = (
				8E524EFD27C95A1D0085A96E /* Sources */,
				8E524EFE27C95A1D0085A96E /* Frameworks */,
				8E524EFF27C95A1D0085A96E /* Resources */,
			);
			buildRules = (
			);
			dependencies = (
			);
			name = hometask8;
			productName = hometask8;
			productReference = 8E524F0127C95A1D0085A96E /* hometask8.app */;
			productType = "com.apple.product-type.application";
		};
/* End PBXNativeTarget section */

/* Begin PBXProject section */
		8E524EF927C95A1D0085A96E /* Project object */ = {
			isa = PBXProject;
			attributes = {
				BuildIndependentTargetsInParallel = 1;
				LastSwiftUpdateCheck = 1320;
				LastUpgradeCheck = 1320;
				TargetAttributes = {
					8E524F0027C95A1D0085A96E = {
						CreatedOnToolsVersion = 13.2.1;
					};
				};
			};
			buildConfigurationList = 8E524EFC27C95A1D0085A96E /* Build configuration list for PBXProject "hometask8" */;
			compatibilityVersion = "Xcode 13.0";
			developmentRegion = en;
			hasScannedForEncodings = 0;
			knownRegions = (
				en,
				Base,
			);
			mainGroup = 8E524EF827C95A1D0085A96E;
			productRefGroup = 8E524F0227C95A1D0085A96E /* Products */;
			projectDirPath = "";
			projectRoot = "";
			targets = (
				8E524F0027C95A1D0085A96E /* hometask8 */,
			);
		};
/* End PBXProject section */

/* Begin PBXResourcesBuildPhase section */
		8E524EFF27C95A1D0085A96E /* Resources */ = {
			isa = PBXResourcesBuildPhase;
			buildActionMask = 2147483647;
			files = (
				8E3D083627CFB0E900AA224C /* Storyboard2.storyboard in Resources */,
				8E524F1127C95A1E0085A96E /* LaunchScreen.storyboard in Resources */,
				8E524F0E27C95A1E0085A96E /* Assets.xcassets in Resources */,
				8E524F0C27C95A1D0085A96E /* Main.storyboard in Resources */,
			);
			runOnlyForDeploymentPostprocessing = 0;
		};
/* End PBXResourcesBuildPhase section */

/* Begin PBXSourcesBuildPhase section */
		8E524EFD27C95A1D0085A96E /* Sources */ = {
			isa = PBXSourcesBuildPhase;
			buildActionMask = 2147483647;
			files = (
				8E3D082427CF765300AA224C /* FourthViewController.swift in Sources */,
				8E3D082027CF762B00AA224C /* SecondViewController.swift in Sources */,
				8E524F0927C95A1D0085A96E /* ViewController.swift in Sources */,
				8E3D082227CF763A00AA224C /* ThirdViewController.swift in Sources */,
				8E524F0527C95A1D0085A96E /* AppDelegate.swift in Sources */,
				8E3D082A27CF93E700AA224C /* ContactViewController.swift in Sources */,
				8E3D082827CF769100AA224C /* File.swift in Sources */,
				8E524F0727C95A1D0085A96E /* SceneDelegate.swift in Sources */,
				8E3D082627CF766100AA224C /* FifthViewController.swift in Sources */,
				8E3D083427CFAEA100AA224C /* GameViewController.swift in Sources */,
				8E3D083027CFA47300AA224C /* MainViewController.swift in Sources */,
			);
			runOnlyForDeploymentPostprocessing = 0;
		};
/* End PBXSourcesBuildPhase section */

/* Begin PBXVariantGroup section */
		8E524F0A27C95A1D0085A96E /* Main.storyboard */ = {
			isa = PBXVariantGroup;
			children = (
				8E524F0B27C95A1D0085A96E /* Base */,
			);
			name = Main.storyboard;
			sourceTree = "<group>";
		};
		8E524F0F27C95A1E0085A96E /* LaunchScreen.storyboard */ = {
			isa = PBXVariantGroup;
			children = (
				8E524F1027C95A1E0085A96E /* Base */,
			);
			name = LaunchScreen.storyboard;
			sourceTree = "<group>";
		};
/* End PBXVariantGroup section */

/* Begin XCBuildConfiguration section */
		8E524F1327C95A1E0085A96E /* Debug */ = {
			isa = XCBuildConfiguration;
			buildSettings = {
				ALWAYS_SEARCH_USER_PATHS = NO;
				CLANG_ANALYZER_NONNULL = YES;
				CLANG_ANALYZER_NUMBER_OBJECT_CONVERSION = YES_AGGRESSIVE;
				CLANG_CXX_LANGUAGE_STANDARD = "gnu++17";
				CLANG_CXX_LIBRARY = "libc++";
				CLANG_ENABLE_MODULES = YES;
				CLANG_ENABLE_OBJC_ARC = YES;
				CLANG_ENABLE_OBJC_WEAK = YES;
				CLANG_WARN_BLOCK_CAPTURE_AUTORELEASING = YES;
				CLANG_WARN_BOOL_CONVERSION = YES;
				CLANG_WARN_COMMA = YES;
				CLANG_WARN_CONSTANT_CONVERSION = YES;
				CLANG_WARN_DEPRECATED_OBJC_IMPLEMENTATIONS = YES;
				CLANG_WARN_DIRECT_OBJC_ISA_USAGE = YES_ERROR;
				CLANG_WARN_DOCUMENTATION_COMMENTS = YES;
				CLANG_WARN_EMPTY_BODY = YES;
				CLANG_WARN_ENUM_CONVERSION = YES;
				CLANG_WARN_INFINITE_RECURSION = YES;
				CLANG_WARN_INT_CONVERSION = YES;
				CLANG_WARN_NON_LITERAL_NULL_CONVERSION = YES;
				CLANG_WARN_OBJC_IMPLICIT_RETAIN_SELF = YES;
				CLANG_WARN_OBJC_LITERAL_CONVERSION = YES;
				CLANG_WARN_OBJC_ROOT_CLASS = YES_ERROR;
				CLANG_WARN_QUOTED_INCLUDE_IN_FRAMEWORK_HEADER = YES;
				CLANG_WARN_RANGE_LOOP_ANALYSIS = YES;
				CLANG_WARN_STRICT_PROTOTYPES = YES;
				CLANG_WARN_SUSPICIOUS_MOVE = YES;
				CLANG_WARN_UNGUARDED_AVAILABILITY = YES_AGGRESSIVE;
				CLANG_WARN_UNREACHABLE_CODE = YES;
				CLANG_WARN__DUPLICATE_METHOD_MATCH = YES;
				COPY_PHASE_STRIP = NO;
				DEBUG_INFORMATION_FORMAT = dwarf;
				ENABLE_STRICT_OBJC_MSGSEND = YES;
				ENABLE_TESTABILITY = YES;
				GCC_C_LANGUAGE_STANDARD = gnu11;
				GCC_DYNAMIC_NO_PIC = NO;
				GCC_NO_COMMON_BLOCKS = YES;
				GCC_OPTIMIZATION_LEVEL = 0;
				GCC_PREPROCESSOR_DEFINITIONS = (
					"DEBUG=1",
					"$(inherited)",
				);
				GCC_WARN_64_TO_32_BIT_CONVERSION = YES;
				GCC_WARN_ABOUT_RETURN_TYPE = YES_ERROR;
				GCC_WARN_UNDECLARED_SELECTOR = YES;
				GCC_WARN_UNINITIALIZED_AUTOS = YES_AGGRESSIVE;
				GCC_WARN_UNUSED_FUNCTION = YES;
				GCC_WARN_UNUSED_VARIABLE = YES;
				IPHONEOS_DEPLOYMENT_TARGET = 15.2;
				MTL_ENABLE_DEBUG_INFO = INCLUDE_SOURCE;
				MTL_FAST_MATH = YES;
				ONLY_ACTIVE_ARCH = YES;
				SDKROOT = iphoneos;
				SWIFT_ACTIVE_COMPILATION_CONDITIONS = DEBUG;
				SWIFT_OPTIMIZATION_LEVEL = "-Onone";
			};
			name = Debug;
		};
		8E524F1427C95A1E0085A96E /* Release */ = {
			isa = XCBuildConfiguration;
			buildSettings = {
				ALWAYS_SEARCH_USER_PATHS = NO;
				CLANG_ANALYZER_NONNULL = YES;
				CLANG_ANALYZER_NUMBER_OBJECT_CONVERSION = YES_AGGRESSIVE;
				CLANG_CXX_LANGUAGE_STANDARD = "gnu++17";
				CLANG_CXX_LIBRARY = "libc++";
				CLANG_ENABLE_MODULES = YES;
				CLANG_ENABLE_OBJC_ARC = YES;
				CLANG_ENABLE_OBJC_WEAK = YES;
				CLANG_WARN_BLOCK_CAPTURE_AUTORELEASING = YES;
				CLANG_WARN_BOOL_CONVERSION = YES;
				CLANG_WARN_COMMA = YES;
				CLANG_WARN_CONSTANT_CONVERSION = YES;
				CLANG_WARN_DEPRECATED_OBJC_IMPLEMENTATIONS = YES;
				CLANG_WARN_DIRECT_OBJC_ISA_USAGE = YES_ERROR;
				CLANG_WARN_DOCUMENTATION_COMMENTS = YES;
				CLANG_WARN_EMPTY_BODY = YES;
				CLANG_WARN_ENUM_CONVERSION = YES;
				CLANG_WARN_INFINITE_RECURSION = YES;
				CLANG_WARN_INT_CONVERSION = YES;
				CLANG_WARN_NON_LITERAL_NULL_CONVERSION = YES;
				CLANG_WARN_OBJC_IMPLICIT_RETAIN_SELF = YES;
				CLANG_WARN_OBJC_LITERAL_CONVERSION = YES;
				CLANG_WARN_OBJC_ROOT_CLASS = YES_ERROR;
				CLANG_WARN_QUOTED_INCLUDE_IN_FRAMEWORK_HEADER = YES;
				CLANG_WARN_RANGE_LOOP_ANALYSIS = YES;
				CLANG_WARN_STRICT_PROTOTYPES = YES;
				CLANG_WARN_SUSPICIOUS_MOVE = YES;
				CLANG_WARN_UNGUARDED_AVAILABILITY = YES_AGGRESSIVE;
				CLANG_WARN_UNREACHABLE_CODE = YES;
				CLANG_WARN__DUPLICATE_METHOD_MATCH = YES;
				COPY_PHASE_STRIP = NO;
				DEBUG_INFORMATION_FORMAT = "dwarf-with-dsym";
				ENABLE_NS_ASSERTIONS = NO;
				ENABLE_STRICT_OBJC_MSGSEND = YES;
				GCC_C_LANGUAGE_STANDARD = gnu11;
				GCC_NO_COMMON_BLOCKS = YES;
				GCC_WARN_64_TO_32_BIT_CONVERSION = YES;
				GCC_WARN_ABOUT_RETURN_TYPE = YES_ERROR;
				GCC_WARN_UNDECLARED_SELECTOR = YES;
				GCC_WARN_UNINITIALIZED_AUTOS = YES_AGGRESSIVE;
				GCC_WARN_UNUSED_FUNCTION = YES;
				GCC_WARN_UNUSED_VARIABLE = YES;
				IPHONEOS_DEPLOYMENT_TARGET = 15.2;
				MTL_ENABLE_DEBUG_INFO = NO;
				MTL_FAST_MATH = YES;
				SDKROOT = iphoneos;
				SWIFT_COMPILATION_MODE = wholemodule;
				SWIFT_OPTIMIZATION_LEVEL = "-O";
				VALIDATE_PRODUCT = YES;
			};
			name = Release;
		};
		8E524F1627C95A1E0085A96E /* Debug */ = {
			isa = XCBuildConfiguration;
			buildSettings = {
				ASSETCATALOG_COMPILER_APPICON_NAME = AppIcon;
				ASSETCATALOG_COMPILER_GLOBAL_ACCENT_COLOR_NAME = AccentColor;
				CODE_SIGN_STYLE = Automatic;
				CURRENT_PROJECT_VERSION = 1;
				DEVELOPMENT_TEAM = ZU4UB25UN9;
				GENERATE_INFOPLIST_FILE = YES;
				INFOPLIST_FILE = hometask8/Info.plist;
				INFOPLIST_KEY_UIApplicationSupportsIndirectInputEvents = YES;
				INFOPLIST_KEY_UILaunchStoryboardName = LaunchScreen;
				INFOPLIST_KEY_UIMainStoryboardFile = Main;
				INFOPLIST_KEY_UISupportedInterfaceOrientations_iPad = "UIInterfaceOrientationPortrait UIInterfaceOrientationPortraitUpsideDown UIInterfaceOrientationLandscapeLeft UIInterfaceOrientationLandscapeRight";
				INFOPLIST_KEY_UISupportedInterfaceOrientations_iPhone = "UIInterfaceOrientationPortrait UIInterfaceOrientationLandscapeLeft UIInterfaceOrientationLandscapeRight";
				LD_RUNPATH_SEARCH_PATHS = (
					"$(inherited)",
					"@executable_path/Frameworks",
				);
				MARKETING_VERSION = 1.0;
				PRODUCT_BUNDLE_IDENTIFIER = by.Vasilkow.hometask8;
				PRODUCT_NAME = "$(TARGET_NAME)";
				SWIFT_EMIT_LOC_STRINGS = YES;
				SWIFT_VERSION = 5.0;
				TARGETED_DEVICE_FAMILY = "1,2";
			};
			name = Debug;
		};
		8E524F1727C95A1E0085A96E /* Release */ = {
			isa = XCBuildConfiguration;
			buildSettings = {
				ASSETCATALOG_COMPILER_APPICON_NAME = AppIcon;
				ASSETCATALOG_COMPILER_GLOBAL_ACCENT_COLOR_NAME = AccentColor;
				CODE_SIGN_STYLE = Automatic;
				CURRENT_PROJECT_VERSION = 1;
				DEVELOPMENT_TEAM = ZU4UB25UN9;
				GENERATE_INFOPLIST_FILE = YES;
				INFOPLIST_FILE = hometask8/Info.plist;
				INFOPLIST_KEY_UIApplicationSupportsIndirectInputEvents = YES;
				INFOPLIST_KEY_UILaunchStoryboardName = LaunchScreen;
				INFOPLIST_KEY_UIMainStoryboardFile = Main;
				INFOPLIST_KEY_UISupportedInterfaceOrientations_iPad = "UIInterfaceOrientationPortrait UIInterfaceOrientationPortraitUpsideDown UIInterfaceOrientationLandscapeLeft UIInterfaceOrientationLandscapeRight";
				INFOPLIST_KEY_UISupportedInterfaceOrientations_iPhone = "UIInterfaceOrientationPortrait UIInterfaceOrientationLandscapeLeft UIInterfaceOrientationLandscapeRight";
				LD_RUNPATH_SEARCH_PATHS = (
					"$(inherited)",
					"@executable_path/Frameworks",
				);
				MARKETING_VERSION = 1.0;
				PRODUCT_BUNDLE_IDENTIFIER = by.Vasilkow.hometask8;
				PRODUCT_NAME = "$(TARGET_NAME)";
				SWIFT_EMIT_LOC_STRINGS = YES;
				SWIFT_VERSION = 5.0;
				TARGETED_DEVICE_FAMILY = "1,2";
			};
			name = Release;
		};
/* End XCBuildConfiguration section */

/* Begin XCConfigurationList section */
		8E524EFC27C95A1D0085A96E /* Build configuration list for PBXProject "hometask8" */ = {
			isa = XCConfigurationList;
			buildConfigurations = (
				8E524F1327C95A1E0085A96E /* Debug */,
				8E524F1427C95A1E0085A96E /* Release */,
			);
			defaultConfigurationIsVisible = 0;
			defaultConfigurationName = Release;
		};
		8E524F1527C95A1E0085A96E /* Build configuration list for PBXNativeTarget "hometask8" */ = {
			isa = XCConfigurationList;
			buildConfigurations = (
				8E524F1627C95A1E0085A96E /* Debug */,
				8E524F1727C95A1E0085A96E /* Release */,
			);
			defaultConfigurationIsVisible = 0;
			defaultConfigurationName = Release;
		};
/* End XCConfigurationList section */
	};
	rootObject = 8E524EF927C95A1D0085A96E /* Project object */;
}
